
Microsoft Visual Studio Solution File, Format Version 12.00
# Visual Studio Version 17
VisualStudioVersion = 17.10.35027.167
MinimumVisualStudioVersion = 10.0.40219.1
Project("{FAE04EC0-301F-11D3-BF4B-00C04F79EFBC}") = "UglyluigiPersonalSite.Server", "UglyluigiPersonalSite.Server\UglyluigiPersonalSite.Server.csproj", "{92B42022-BF62-4AE9-9210-325371212B79}"
EndProject
Project("{54A90642-561A-4BB1-A94E-469ADEE60C69}") = "uglyluigipersonalsite.client", "uglyluigipersonalsite.client\uglyluigipersonalsite.client.esproj", "{B06D502F-367C-4275-AEB7-CBECAC892E3E}"
EndProject
Global
	GlobalSection(SolutionConfigurationPlatforms) = preSolution
		Debug|Any CPU = Debug|Any CPU
		Release|Any CPU = Release|Any CPU
	EndGlobalSection
	GlobalSection(ProjectConfigurationPlatforms) = postSolution
		{92B42022-BF62-4AE9-9210-325371212B79}.Debug|Any CPU.ActiveCfg = Debug|Any CPU
		{92B42022-BF62-4AE9-9210-325371212B79}.Debug|Any CPU.Build.0 = Debug|Any CPU
		{92B42022-BF62-4AE9-9210-325371212B79}.Release|Any CPU.ActiveCfg = Release|Any CPU
		{92B42022-BF62-4AE9-9210-325371212B79}.Release|Any CPU.Build.0 = Release|Any CPU
		{B06D502F-367C-4275-AEB7-CBECAC892E3E}.Debug|Any CPU.ActiveCfg = Debug|Any CPU
		{B06D502F-367C-4275-AEB7-CBECAC892E3E}.Debug|Any CPU.Build.0 = Debug|Any CPU
		{B06D502F-367C-4275-AEB7-CBECAC892E3E}.Debug|Any CPU.Deploy.0 = Debug|Any CPU
		{B06D502F-367C-4275-AEB7-CBECAC892E3E}.Release|Any CPU.ActiveCfg = Release|Any CPU
		{B06D502F-367C-4275-AEB7-CBECAC892E3E}.Release|Any CPU.Build.0 = Release|Any CPU
		{B06D502F-367C-4275-AEB7-CBECAC892E3E}.Release|Any CPU.Deploy.0 = Release|Any CPU
	EndGlobalSection
	GlobalSection(SolutionProperties) = preSolution
		HideSolutionNode = FALSE
	EndGlobalSection
	GlobalSection(ExtensibilityGlobals) = postSolution
		SolutionGuid = {39F145BF-429C-4AE9-8F83-5BFF0CD86926}
	EndGlobalSection
EndGlobal
